// !$*UTF8*$!
{
	archiveVersion = 1;
	classes = {
	};
	objectVersion = 46;
	objects = {

/* Begin PBXBuildFile section */
		72E5E3571B17F2CB00AA2005 /* main.m in Sources */ = {isa = PBXBuildFile; fileRef = 72E5E3561B17F2CB00AA2005 /* main.m */; };
		72E5E35A1B17F2CB00AA2005 /* AppDelegate.m in Sources */ = {isa = PBXBuildFile; fileRef = 72E5E3591B17F2CB00AA2005 /* AppDelegate.m */; };
		72E5E35D1B17F2CB00AA2005 /* ViewController.m in Sources */ = {isa = PBXBuildFile; fileRef = 72E5E35C1B17F2CB00AA2005 /* ViewController.m */; };
		72E5E3601B17F2CB00AA2005 /* Main.storyboard in Resources */ = {isa = PBXBuildFile; fileRef = 72E5E35E1B17F2CB00AA2005 /* Main.storyboard */; };
		72E5E3621B17F2CB00AA2005 /* Images.xcassets in Resources */ = {isa = PBXBuildFile; fileRef = 72E5E3611B17F2CB00AA2005 /* Images.xcassets */; };
		72E5E3651B17F2CB00AA2005 /* LaunchScreen.xib in Resources */ = {isa = PBXBuildFile; fileRef = 72E5E3631B17F2CB00AA2005 /* LaunchScreen.xib */; };
		72E5E3711B17F2CB00AA2005 /* FCO_TestTests.m in Sources */ = {isa = PBXBuildFile; fileRef = 72E5E3701B17F2CB00AA2005 /* FCO_TestTests.m */; };
/* End PBXBuildFile section */

/* Begin PBXContainerItemProxy section */
		72E5E36B1B17F2CB00AA2005 /* PBXContainerItemProxy */ = {
			isa = PBXContainerItemProxy;
			containerPortal = 72E5E3491B17F2CB00AA2005 /* Project object */;
			proxyType = 1;
			remoteGlobalIDString = 72E5E3501B17F2CB00AA2005;
			remoteInfo = "FCO Test";
		};
/* End PBXContainerItemProxy section */

/* Begin PBXFileReference section */
		72E5E3511B17F2CB00AA2005 /* FCO Test.app */ = {isa = PBXFileReference; explicitFileType = wrapper.application; includeInIndex = 0; path = "FCO Test.app"; sourceTree = BUILT_PRODUCTS_DIR; };
		72E5E3551B17F2CB00AA2005 /* Info.plist */ = {isa = PBXFileReference; lastKnownFileType = text.plist.xml; path = Info.plist; sourceTree = "<group>"; };
		72E5E3561B17F2CB00AA2005 /* main.m */ = {isa = PBXFileReference; lastKnownFileType = sourcecode.c.objc; path = main.m; sourceTree = "<group>"; };
		72E5E3581B17F2CB00AA2005 /* AppDelegate.h */ = {isa = PBXFileReference; lastKnownFileType = sourcecode.c.h; path = AppDelegate.h; sourceTree = "<group>"; };
		72E5E3591B17F2CB00AA2005 /* AppDelegate.m */ = {isa = PBXFileReference; lastKnownFileType = sourcecode.c.objc; path = AppDelegate.m; sourceTree = "<group>"; };
		72E5E35B1B17F2CB00AA2005 /* ViewController.h */ = {isa = PBXFileReference; lastKnownFileType = sourcecode.c.h; path = ViewController.h; sourceTree = "<group>"; };
		72E5E35C1B17F2CB00AA2005 /* ViewController.m */ = {isa = PBXFileReference; lastKnownFileType = sourcecode.c.objc; path = ViewController.m; sourceTree = "<group>"; };
		72E5E35F1B17F2CB00AA2005 /* Base */ = {isa = PBXFileReference; lastKnownFileType = file.storyboard; name = Base; path = Base.lproj/Main.storyboard; sourceTree = "<group>"; };
		72E5E3611B17F2CB00AA2005 /* Images.xcassets */ = {isa = PBXFileReference; lastKnownFileType = folder.assetcatalog; path = Images.xcassets; sourceTree = "<group>"; };
		72E5E3641B17F2CB00AA2005 /* Base */ = {isa = PBXFileReference; lastKnownFileType = file.xib; name = Base; path = Base.lproj/LaunchScreen.xib; sourceTree = "<group>"; };
		72E5E36A1B17F2CB00AA2005 /* FCO TestTests.xctest */ = {isa = PBXFileReference; explicitFileType = wrapper.cfbundle; includeInIndex = 0; path = "FCO TestTests.xctest"; sourceTree = BUILT_PRODUCTS_DIR; };
		72E5E36F1B17F2CB00AA2005 /* Info.plist */ = {isa = PBXFileReference; lastKnownFileType = text.plist.xml; path = Info.plist; sourceTree = "<group>"; };
		72E5E3701B17F2CB00AA2005 /* FCO_TestTests.m */ = {isa = PBXFileReference; lastKnownFileType = sourcecode.c.objc; path = FCO_TestTests.m; sourceTree = "<group>"; };
/* End PBXFileReference section */

/* Begin PBXFrameworksBuildPhase section */
		72E5E34E1B17F2CB00AA2005 /* Frameworks */ = {
			isa = PBXFrameworksBuildPhase;
			buildActionMask = 2147483647;
			files = (
			);
			runOnlyForDeploymentPostprocessing = 0;
		};
		72E5E3671B17F2CB00AA2005 /* Frameworks */ = {
			isa = PBXFrameworksBuildPhase;
			buildActionMask = 2147483647;
			files = (
			);
			runOnlyForDeploymentPostprocessing = 0;
		};
/* End PBXFrameworksBuildPhase section */

/* Begin PBXGroup section */
		72E5E3481B17F2CB00AA2005 = {
			isa = PBXGroup;
			children = (
				72E5E3531B17F2CB00AA2005 /* FCO Test */,
				72E5E36D1B17F2CB00AA2005 /* FCO TestTests */,
				72E5E3521B17F2CB00AA2005 /* Products */,
			);
			sourceTree = "<group>";
		};
		72E5E3521B17F2CB00AA2005 /* Products */ = {
			isa = PBXGroup;
			children = (
				72E5E3511B17F2CB00AA2005 /* FCO Test.app */,
				72E5E36A1B17F2CB00AA2005 /* FCO TestTests.xctest */,
			);
			name = Products;
			sourceTree = "<group>";
		};
		72E5E3531B17F2CB00AA2005 /* FCO Test */ = {
			isa = PBXGroup;
			children = (
				72E5E3581B17F2CB00AA2005 /* AppDelegate.h */,
				72E5E3591B17F2CB00AA2005 /* AppDelegate.m */,
				72E5E35B1B17F2CB00AA2005 /* ViewController.h */,
				72E5E35C1B17F2CB00AA2005 /* ViewController.m */,
				72E5E35E1B17F2CB00AA2005 /* Main.storyboard */,
				72E5E3611B17F2CB00AA2005 /* Images.xcassets */,
				72E5E3631B17F2CB00AA2005 /* LaunchScreen.xib */,
				72E5E3541B17F2CB00AA2005 /* Supporting Files */,
			);
			path = "FCO Test";
			sourceTree = "<group>";
		};
		72E5E3541B17F2CB00AA2005 /* Supporting Files */ = {
			isa = PBXGroup;
			children = (
				72E5E3551B17F2CB00AA2005 /* Info.plist */,
				72E5E3561B17F2CB00AA2005 /* main.m */,
			);
			name = "Supporting Files";
			sourceTree = "<group>";
		};
		72E5E36D1B17F2CB00AA2005 /* FCO TestTests */ = {
			isa = PBXGroup;
			children = (
				72E5E3701B17F2CB00AA2005 /* FCO_TestTests.m */,
				72E5E36E1B17F2CB00AA2005 /* Supporting Files */,
			);
			path = "FCO TestTests";
			sourceTree = "<group>";
		};
		72E5E36E1B17F2CB00AA2005 /* Supporting Files */ = {
			isa = PBXGroup;
			children = (
				72E5E36F1B17F2CB00AA2005 /* Info.plist */,
			);
			name = "Supporting Files";
			sourceTree = "<group>";
		};
/* End PBXGroup section */

/* Begin PBXNativeTarget section */
		72E5E3501B17F2CB00AA2005 /* FCO Test */ = {
			isa = PBXNativeTarget;
			buildConfigurationList = 72E5E3741B17F2CB00AA2005 /* Build configuration list for PBXNativeTarget "FCO Test" */;
			buildPhases = (
				72E5E34D1B17F2CB00AA2005 /* Sources */,
				72E5E34E1B17F2CB00AA2005 /* Frameworks */,
				72E5E34F1B17F2CB00AA2005 /* Resources */,
			);
			buildRules = (
			);
			dependencies = (
			);
			name = "FCO Test";
			productName = "FCO Test";
			productReference = 72E5E3511B17F2CB00AA2005 /* FCO Test.app */;
			productType = "com.apple.product-type.application";
		};
		72E5E3691B17F2CB00AA2005 /* FCO TestTests */ = {
			isa = PBXNativeTarget;
			buildConfigurationList = 72E5E3771B17F2CB00AA2005 /* Build configuration list for PBXNativeTarget "FCO TestTests" */;
			buildPhases = (
				72E5E3661B17F2CB00AA2005 /* Sources */,
				72E5E3671B17F2CB00AA2005 /* Frameworks */,
				72E5E3681B17F2CB00AA2005 /* Resources */,
			);
			buildRules = (
			);
			dependencies = (
				72E5E36C1B17F2CB00AA2005 /* PBXTargetDependency */,
			);
			name = "FCO TestTests";
			productName = "FCO TestTests";
			productReference = 72E5E36A1B17F2CB00AA2005 /* FCO TestTests.xctest */;
			productType = "com.apple.product-type.bundle.unit-test";
		};
/* End PBXNativeTarget section */

/* Begin PBXProject section */
		72E5E3491B17F2CB00AA2005 /* Project object */ = {
			isa = PBXProject;
			attributes = {
				LastUpgradeCheck = 0620;
				ORGANIZATIONNAME = Kryptonite;
				TargetAttributes = {
					72E5E3501B17F2CB00AA2005 = {
						CreatedOnToolsVersion = 6.2;
					};
					72E5E3691B17F2CB00AA2005 = {
						CreatedOnToolsVersion = 6.2;
						TestTargetID = 72E5E3501B17F2CB00AA2005;
					};
				};
			};
			buildConfigurationList = 72E5E34C1B17F2CB00AA2005 /* Build configuration list for PBXProject "FCO Test" */;
			compatibilityVersion = "Xcode 3.2";
			developmentRegion = English;
			hasScannedForEncodings = 0;
			knownRegions = (
				en,
				Base,
			);
			mainGroup = 72E5E3481B17F2CB00AA2005;
			productRefGroup = 72E5E3521B17F2CB00AA2005 /* Products */;
			projectDirPath = "";
			projectRoot = "";
			targets = (
				72E5E3501B17F2CB00AA2005 /* FCO Test */,
				72E5E3691B17F2CB00AA2005 /* FCO TestTests */,
			);
		};
/* End PBXProject section */

/* Begin PBXResourcesBuildPhase section */
		72E5E34F1B17F2CB00AA2005 /* Resources */ = {
			isa = PBXResourcesBuildPhase;
			buildActionMask = 2147483647;
			files = (
				72E5E3601B17F2CB00AA2005 /* Main.storyboard in Resources */,
				72E5E3651B17F2CB00AA2005 /* LaunchScreen.xib in Resources */,
				72E5E3621B17F2CB00AA2005 /* Images.xcassets in Resources */,
			);
			runOnlyForDeploymentPostprocessing = 0;
		};
		72E5E3681B17F2CB00AA2005 /* Resources */ = {
			isa = PBXResourcesBuildPhase;
			buildActionMask = 2147483647;
			files = (
			);
			runOnlyForDeploymentPostprocessing = 0;
		};
/* End PBXResourcesBuildPhase section */

/* Begin PBXSourcesBuildPhase section */
		72E5E34D1B17F2CB00AA2005 /* Sources */ = {
			isa = PBXSourcesBuildPhase;
			buildActionMask = 2147483647;
			files = (
				72E5E35D1B17F2CB00AA2005 /* ViewController.m in Sources */,
				72E5E35A1B17F2CB00AA2005 /* AppDelegate.m in Sources */,
				72E5E3571B17F2CB00AA2005 /* main.m in Sources */,
			);
			runOnlyForDeploymentPostprocessing = 0;
		};
		72E5E3661B17F2CB00AA2005 /* Sources */ = {
			isa = PBXSourcesBuildPhase;
			buildActionMask = 2147483647;
			files = (
				72E5E3711B17F2CB00AA2005 /* FCO_TestTests.m in Sources */,
			);
			runOnlyForDeploymentPostprocessing = 0;
		};
/* End PBXSourcesBuildPhase section */

/* Begin PBXTargetDependency section */
		72E5E36C1B17F2CB00AA2005 /* PBXTargetDependency */ = {
			isa = PBXTargetDependency;
			target = 72E5E3501B17F2CB00AA2005 /* FCO Test */;
			targetProxy = 72E5E36B1B17F2CB00AA2005 /* PBXContainerItemProxy */;
		};
/* End PBXTargetDependency section */

/* Begin PBXVariantGroup section */
		72E5E35E1B17F2CB00AA2005 /* Main.storyboard */ = {
			isa = PBXVariantGroup;
			children = (
				72E5E35F1B17F2CB00AA2005 /* Base */,
			);
			name = Main.storyboard;
			sourceTree = "<group>";
		};
		72E5E3631B17F2CB00AA2005 /* LaunchScreen.xib */ = {
			isa = PBXVariantGroup;
			children = (
				72E5E3641B17F2CB00AA2005 /* Base */,
			);
			name = LaunchScreen.xib;
			sourceTree = "<group>";
		};
/* End PBXVariantGroup section */

/* Begin XCBuildConfiguration section */
		72E5E3721B17F2CB00AA2005 /* Debug */ = {
			isa = XCBuildConfiguration;
			buildSettings = {
				ALWAYS_SEARCH_USER_PATHS = NO;
				CLANG_CXX_LANGUAGE_STANDARD = "gnu++0x";
				CLANG_CXX_LIBRARY = "libc++";
				CLANG_ENABLE_MODULES = YES;
				CLANG_ENABLE_OBJC_ARC = YES;
				CLANG_WARN_BOOL_CONVERSION = YES;
				CLANG_WARN_CONSTANT_CONVERSION = YES;
				CLANG_WARN_DIRECT_OBJC_ISA_USAGE = YES_ERROR;
				CLANG_WARN_EMPTY_BODY = YES;
				CLANG_WARN_ENUM_CONVERSION = YES;
				CLANG_WARN_INT_CONVERSION = YES;
				CLANG_WARN_OBJC_ROOT_CLASS = YES_ERROR;
				CLANG_WARN_UNREACHABLE_CODE = YES;
				CLANG_WARN__DUPLICATE_METHOD_MATCH = YES;
				"CODE_SIGN_IDENTITY[sdk=iphoneos*]" = "iPhone Developer";
				COPY_PHASE_STRIP = NO;
				ENABLE_STRICT_OBJC_MSGSEND = YES;
				GCC_C_LANGUAGE_STANDARD = gnu99;
				GCC_DYNAMIC_NO_PIC = NO;
				GCC_OPTIMIZATION_LEVEL = 0;
				GCC_PREPROCESSOR_DEFINITIONS = (
					"DEBUG=1",
					"$(inherited)",
				);
				GCC_SYMBOLS_PRIVATE_EXTERN = NO;
				GCC_WARN_64_TO_32_BIT_CONVERSION = YES;
				GCC_WARN_ABOUT_RETURN_TYPE = YES_ERROR;
				GCC_WARN_UNDECLARED_SELECTOR = YES;
				GCC_WARN_UNINITIALIZED_AUTOS = YES_AGGRESSIVE;
				GCC_WARN_UNUSED_FUNCTION = YES;
				GCC_WARN_UNUSED_VARIABLE = YES;
				IPHONEOS_DEPLOYMENT_TARGET = 8.2;
				MTL_ENABLE_DEBUG_INFO = YES;
				ONLY_ACTIVE_ARCH = YES;
				SDKROOT = iphoneos;
				TARGETED_DEVICE_FAMILY = "1,2";
			};
			name = Debug;
		};
		72E5E3731B17F2CB00AA2005 /* Release */ = {
			isa = XCBuildConfiguration;
			buildSettings = {
				ALWAYS_SEARCH_USER_PATHS = NO;
				CLANG_CXX_LANGUAGE_STANDARD = "gnu++0x";
				CLANG_CXX_LIBRARY = "libc++";
				CLANG_ENABLE_MODULES = YES;
				CLANG_ENABLE_OBJC_ARC = YES;
				CLANG_WARN_BOOL_CONVERSION = YES;
				CLANG_WARN_CONSTANT_CONVERSION = YES;
				CLANG_WARN_DIRECT_OBJC_ISA_USAGE = YES_ERROR;
				CLANG_WARN_EMPTY_BODY = YES;
				CLANG_WARN_ENUM_CONVERSION = YES;
				CLANG_WARN_INT_CONVERSION = YES;
				CLANG_WARN_OBJC_ROOT_CLASS = YES_ERROR;
				CLANG_WARN_UNREACHABLE_CODE = YES;
				CLANG_WARN__DUPLICATE_METHOD_MATCH = YES;
				"CODE_SIGN_IDENTITY[sdk=iphoneos*]" = "iPhone Developer";
				COPY_PHASE_STRIP = NO;
				ENABLE_NS_ASSERTIONS = NO;
				ENABLE_STRICT_OBJC_MSGSEND = YES;
				GCC_C_LANGUAGE_STANDARD = gnu99;
				GCC_WARN_64_TO_32_BIT_CONVERSION = YES;
				GCC_WARN_ABOUT_RETURN_TYPE = YES_ERROR;
				GCC_WARN_UNDECLARED_SELECTOR = YES;
				GCC_WARN_UNINITIALIZED_AUTOS = YES_AGGRESSIVE;
				GCC_WARN_UNUSED_FUNCTION = YES;
				GCC_WARN_UNUSED_VARIABLE = YES;
				IPHONEOS_DEPLOYMENT_TARGET = 8.2;
				MTL_ENABLE_DEBUG_INFO = NO;
				SDKROOT = iphoneos;
				TARGETED_DEVICE_FAMILY = "1,2";
				VALIDATE_PRODUCT = YES;
			};
			name = Release;
		};
		72E5E3751B17F2CB00AA2005 /* Debug */ = {
			isa = XCBuildConfiguration;
			buildSettings = {
				ASSETCATALOG_COMPILER_APPICON_NAME = AppIcon;
				INFOPLIST_FILE = "FCO Test/Info.plist";
				LD_RUNPATH_SEARCH_PATHS = "$(inherited) @executable_path/Frameworks";
				PRODUCT_NAME = "$(TARGET_NAME)";
			};
			name = Debug;
		};
		72E5E3761B17F2CB00AA2005 /* Release */ = {
			isa = XCBuildConfiguration;
			buildSettings = {
				ASSETCATALOG_COMPILER_APPICON_NAME = AppIcon;
				INFOPLIST_FILE = "FCO Test/Info.plist";
				LD_RUNPATH_SEARCH_PATHS = "$(inherited) @executable_path/Frameworks";
				PRODUCT_NAME = "$(TARGET_NAME)";
			};
			name = Release;
		};
		72E5E3781B17F2CB00AA2005 /* Debug */ = {
			isa = XCBuildConfiguration;
			buildSettings = {
				BUNDLE_LOADER = "$(TEST_HOST)";
				FRAMEWORK_SEARCH_PATHS = (
					"$(SDKROOT)/Developer/Library/Frameworks",
					"$(inherited)",
				);
				GCC_PREPROCESSOR_DEFINITIONS = (
					"DEBUG=1",
					"$(inherited)",
				);
				INFOPLIST_FILE = "FCO TestTests/Info.plist";
				LD_RUNPATH_SEARCH_PATHS = "$(inherited) @executable_path/Frameworks @loader_path/Frameworks";
				PRODUCT_NAME = "$(TARGET_NAME)";
				TEST_HOST = "$(BUILT_PRODUCTS_DIR)/FCO Test.app/FCO Test";
			};
			name = Debug;
		};
		72E5E3791B17F2CB00AA2005 /* Release */ = {
			isa = XCBuildConfiguration;
			buildSettings = {
				BUNDLE_LOADER = "$(TEST_HOST)";
				FRAMEWORK_SEARCH_PATHS = (
					"$(SDKROOT)/Developer/Library/Frameworks",
					"$(inherited)",
				);
				INFOPLIST_FILE = "FCO TestTests/Info.plist";
				LD_RUNPATH_SEARCH_PATHS = "$(inherited) @executable_path/Frameworks @loader_path/Frameworks";
				PRODUCT_NAME = "$(TARGET_NAME)";
				TEST_HOST = "$(BUILT_PRODUCTS_DIR)/FCO Test.app/FCO Test";
			};
			name = Release;
		};
/* End XCBuildConfiguration section */

/* Begin XCConfigurationList section */
		72E5E34C1B17F2CB00AA2005 /* Build configuration list for PBXProject "FCO Test" */ = {
			isa = XCConfigurationList;
			buildConfigurations = (
				72E5E3721B17F2CB00AA2005 /* Debug */,
				72E5E3731B17F2CB00AA2005 /* Release */,
			);
			defaultConfigurationIsVisible = 0;
			defaultConfigurationName = Release;
		};
		72E5E3741B17F2CB00AA2005 /* Build configuration list for PBXNativeTarget "FCO Test" */ = {
			isa = XCConfigurationList;
			buildConfigurations = (
				72E5E3751B17F2CB00AA2005 /* Debug */,
				72E5E3761B17F2CB00AA2005 /* Release */,
			);
			defaultConfigurationIsVisible = 0;
		};
		72E5E3771B17F2CB00AA2005 /* Build configuration list for PBXNativeTarget "FCO TestTests" */ = {
			isa = XCConfigurationList;
			buildConfigurations = (
				72E5E3781B17F2CB00AA2005 /* Debug */,
				72E5E3791B17F2CB00AA2005 /* Release */,
			);
			defaultConfigurationIsVisible = 0;
		};
/* End XCConfigurationList section */
	};
	rootObject = 72E5E3491B17F2CB00AA2005 /* Project object */;
}
